
Microsoft Visual Studio Solution File, Format Version 12.00
# Visual Studio Version 17
VisualStudioVersion = 17.4.33205.214
MinimumVisualStudioVersion = 10.0.40219.1
Project("{9A19103F-16F7-4668-BE54-9A1E7A4F7556}") = "CloudSalesSystem.Domain", "CloudSalesSystem.Domain\CloudSalesSystem.Domain.csproj", "{1217CEB8-A46E-41B0-9F2D-BEE42F62F435}"
EndProject
Project("{2150E333-8FDC-42A3-9474-1A3956D46DE8}") = "src", "src", "{C3672BE8-FA33-40F5-ACF9-DA5CA1B8C7C4}"
EndProject
Project("{9A19103F-16F7-4668-BE54-9A1E7A4F7556}") = "CloudSalesSystem.Infrastructure", "CloudSalesSystem.Infrastructure\CloudSalesSystem.Infrastructure.csproj", "{64CD87DD-7B82-4F9E-997C-D4A7BCBD7CED}"
EndProject
Project("{9A19103F-16F7-4668-BE54-9A1E7A4F7556}") = "CloudSalesSystem.Application", "CloudSalesSystem.Application\CloudSalesSystem.Application.csproj", "{4063527B-C9FA-4502-8868-4280BFB6F6F6}"
EndProject
Project("{9A19103F-16F7-4668-BE54-9A1E7A4F7556}") = "CloudSalesSystem.Api", "CloudSalesSystem.Api\CloudSalesSystem.Api.csproj", "{48BFE13B-27BA-431F-BA6E-BFDC2D633ABB}"
EndProject
Project("{E53339B2-1760-4266-BCC7-CA923CBCF16C}") = "docker-compose", "docker-compose.dcproj", "{262D4524-F8C5-441C-9598-BFC0A863E0B1}"
EndProject
Project("{2150E333-8FDC-42A3-9474-1A3956D46DE8}") = "test", "test", "{E198BDAA-7800-418B-B45A-B232F0345F83}"
EndProject
Project("{9A19103F-16F7-4668-BE54-9A1E7A4F7556}") = "CloudSalesSystem.Domain.UnitTests", "..\CloudSalesSystem.Domain.UnitTests\CloudSalesSystem.Domain.UnitTests.csproj", "{D72BC42C-CC76-40EF-9B70-E8C02D4E605C}"
EndProject
Project("{FAE04EC0-301F-11D3-BF4B-00C04F79EFBC}") = "CloudSalesSystem.Architecture.Tests", "..\CloudSalesSystem.Architecture.Tests\CloudSalesSystem.Architecture.Tests.csproj", "{B50FB901-6D7F-4BF5-A7E0-577DBF68E86A}"
EndProject
Project("{FAE04EC0-301F-11D3-BF4B-00C04F79EFBC}") = "CloudSalesSystem.Application.UnitTests", "..\CloudSalesSystem.Application.UnitTests\CloudSalesSystem.Application.UnitTests.csproj", "{83C47D15-C53C-4D14-8FA4-39E10BCE60B3}"
EndProject
Project("{FAE04EC0-301F-11D3-BF4B-00C04F79EFBC}") = "CloudSalesSystem.Api.Tests", "..\CloudSalesSystem.Api.Tests\CloudSalesSystem.Api.Tests.csproj", "{0877FB6D-D447-4A1B-B5EC-A5C7F2C0B8F1}"
EndProject
Global
	GlobalSection(SolutionConfigurationPlatforms) = preSolution
		Debug|Any CPU = Debug|Any CPU
		Release|Any CPU = Release|Any CPU
	EndGlobalSection
	GlobalSection(ProjectConfigurationPlatforms) = postSolution
		{1217CEB8-A46E-41B0-9F2D-BEE42F62F435}.Debug|Any CPU.ActiveCfg = Debug|Any CPU
		{1217CEB8-A46E-41B0-9F2D-BEE42F62F435}.Debug|Any CPU.Build.0 = Debug|Any CPU
		{1217CEB8-A46E-41B0-9F2D-BEE42F62F435}.Release|Any CPU.ActiveCfg = Release|Any CPU
		{1217CEB8-A46E-41B0-9F2D-BEE42F62F435}.Release|Any CPU.Build.0 = Release|Any CPU
		{64CD87DD-7B82-4F9E-997C-D4A7BCBD7CED}.Debug|Any CPU.ActiveCfg = Debug|Any CPU
		{64CD87DD-7B82-4F9E-997C-D4A7BCBD7CED}.Debug|Any CPU.Build.0 = Debug|Any CPU
		{64CD87DD-7B82-4F9E-997C-D4A7BCBD7CED}.Release|Any CPU.ActiveCfg = Release|Any CPU
		{64CD87DD-7B82-4F9E-997C-D4A7BCBD7CED}.Release|Any CPU.Build.0 = Release|Any CPU
		{4063527B-C9FA-4502-8868-4280BFB6F6F6}.Debug|Any CPU.ActiveCfg = Debug|Any CPU
		{4063527B-C9FA-4502-8868-4280BFB6F6F6}.Debug|Any CPU.Build.0 = Debug|Any CPU
		{4063527B-C9FA-4502-8868-4280BFB6F6F6}.Release|Any CPU.ActiveCfg = Release|Any CPU
		{4063527B-C9FA-4502-8868-4280BFB6F6F6}.Release|Any CPU.Build.0 = Release|Any CPU
		{48BFE13B-27BA-431F-BA6E-BFDC2D633ABB}.Debug|Any CPU.ActiveCfg = Debug|Any CPU
		{48BFE13B-27BA-431F-BA6E-BFDC2D633ABB}.Debug|Any CPU.Build.0 = Debug|Any CPU
		{48BFE13B-27BA-431F-BA6E-BFDC2D633ABB}.Release|Any CPU.ActiveCfg = Release|Any CPU
		{48BFE13B-27BA-431F-BA6E-BFDC2D633ABB}.Release|Any CPU.Build.0 = Release|Any CPU
		{262D4524-F8C5-441C-9598-BFC0A863E0B1}.Debug|Any CPU.ActiveCfg = Debug|Any CPU
		{262D4524-F8C5-441C-9598-BFC0A863E0B1}.Debug|Any CPU.Build.0 = Debug|Any CPU
		{262D4524-F8C5-441C-9598-BFC0A863E0B1}.Release|Any CPU.ActiveCfg = Release|Any CPU
		{262D4524-F8C5-441C-9598-BFC0A863E0B1}.Release|Any CPU.Build.0 = Release|Any CPU
		{D72BC42C-CC76-40EF-9B70-E8C02D4E605C}.Debug|Any CPU.ActiveCfg = Debug|Any CPU
		{D72BC42C-CC76-40EF-9B70-E8C02D4E605C}.Debug|Any CPU.Build.0 = Debug|Any CPU
		{D72BC42C-CC76-40EF-9B70-E8C02D4E605C}.Release|Any CPU.ActiveCfg = Release|Any CPU
		{D72BC42C-CC76-40EF-9B70-E8C02D4E605C}.Release|Any CPU.Build.0 = Release|Any CPU
		{B50FB901-6D7F-4BF5-A7E0-577DBF68E86A}.Debug|Any CPU.ActiveCfg = Debug|Any CPU
		{B50FB901-6D7F-4BF5-A7E0-577DBF68E86A}.Debug|Any CPU.Build.0 = Debug|Any CPU
		{B50FB901-6D7F-4BF5-A7E0-577DBF68E86A}.Release|Any CPU.ActiveCfg = Release|Any CPU
		{B50FB901-6D7F-4BF5-A7E0-577DBF68E86A}.Release|Any CPU.Build.0 = Release|Any CPU
		{83C47D15-C53C-4D14-8FA4-39E10BCE60B3}.Debug|Any CPU.ActiveCfg = Debug|Any CPU
		{83C47D15-C53C-4D14-8FA4-39E10BCE60B3}.Debug|Any CPU.Build.0 = Debug|Any CPU
		{83C47D15-C53C-4D14-8FA4-39E10BCE60B3}.Release|Any CPU.ActiveCfg = Release|Any CPU
		{83C47D15-C53C-4D14-8FA4-39E10BCE60B3}.Release|Any CPU.Build.0 = Release|Any CPU
		{0877FB6D-D447-4A1B-B5EC-A5C7F2C0B8F1}.Debug|Any CPU.ActiveCfg = Debug|Any CPU
		{0877FB6D-D447-4A1B-B5EC-A5C7F2C0B8F1}.Debug|Any CPU.Build.0 = Debug|Any CPU
		{0877FB6D-D447-4A1B-B5EC-A5C7F2C0B8F1}.Release|Any CPU.ActiveCfg = Release|Any CPU
		{0877FB6D-D447-4A1B-B5EC-A5C7F2C0B8F1}.Release|Any CPU.Build.0 = Release|Any CPU
	EndGlobalSection
	GlobalSection(SolutionProperties) = preSolution
		HideSolutionNode = FALSE
	EndGlobalSection
	GlobalSection(NestedProjects) = preSolution
		{1217CEB8-A46E-41B0-9F2D-BEE42F62F435} = {C3672BE8-FA33-40F5-ACF9-DA5CA1B8C7C4}
		{64CD87DD-7B82-4F9E-997C-D4A7BCBD7CED} = {C3672BE8-FA33-40F5-ACF9-DA5CA1B8C7C4}
		{4063527B-C9FA-4502-8868-4280BFB6F6F6} = {C3672BE8-FA33-40F5-ACF9-DA5CA1B8C7C4}
		{48BFE13B-27BA-431F-BA6E-BFDC2D633ABB} = {C3672BE8-FA33-40F5-ACF9-DA5CA1B8C7C4}
		{D72BC42C-CC76-40EF-9B70-E8C02D4E605C} = {E198BDAA-7800-418B-B45A-B232F0345F83}
		{B50FB901-6D7F-4BF5-A7E0-577DBF68E86A} = {E198BDAA-7800-418B-B45A-B232F0345F83}
		{83C47D15-C53C-4D14-8FA4-39E10BCE60B3} = {E198BDAA-7800-418B-B45A-B232F0345F83}
		{0877FB6D-D447-4A1B-B5EC-A5C7F2C0B8F1} = {E198BDAA-7800-418B-B45A-B232F0345F83}
	EndGlobalSection
	GlobalSection(ExtensibilityGlobals) = postSolution
		SolutionGuid = {86AE6888-9D89-4CB7-918F-72F30024A42E}
	EndGlobalSection
EndGlobal
